{
  "name": "vince-dev-tools",
  "version": "1.0.0",
  "lockfileVersion": 3,
  "requires": true,
  "packages": {
    "": {
      "name": "vince-dev-tools",
      "version": "1.0.0",
      "license": "UNLICENSED",
      "bin": {
        "vit": "bin/vit.js"
      },
      "devDependencies": {
        "vince-dev-tools": "github:vincenth67/vince-dev-tools#fix/vit-init_fix-no-contact-details"
      },
      "engines": {
        "node": ">=14.0.0"
      }
    },
    "node_modules/vince-dev-tools": {
      "version": "1.0.0",
      "resolved": "git+ssh://git@github.com/vincenth67/vince-dev-tools.git#dac5e2bf399913a3e85a7a6fd9f2a7469a496483",
      "dev": true,
      "license": "UNLICENSED",
      "bin": {
        "vit": "bin/vit.js"
      },
      "engines": {
        "node": ">=14.0.0"
      }
    }
  }
}
